
Microsoft Visual Studio Solution File, Format Version 11.00
# Visual Studio 2010
Project("{8BC9CEB8-8B4A-11D0-8D11-00A0C91BC942}") = "Lua", "Lua\Lua.vcxproj", "{6AB7EA7F-4CBB-4056-9570-9AF8219F27EA}"
EndProject
Global
	GlobalSection(SolutionConfigurationPlatforms) = preSolution
		Debug|Win32 = Debug|Win32
		Release|Win32 = Release|Win32
	EndGlobalSection
	GlobalSection(ProjectConfigurationPlatforms) = postSolution
		{6AB7EA7F-4CBB-4056-9570-9AF8219F27EA}.Debug|Win32.ActiveCfg = Debug|Win32
		{6AB7EA7F-4CBB-4056-9570-9AF8219F27EA}.Debug|Win32.Build.0 = Debug|Win32
		{6AB7EA7F-4CBB-4056-9570-9AF8219F27EA}.Release|Win32.ActiveCfg = Release|Win32
		{6AB7EA7F-4CBB-4056-9570-9AF8219F27EA}.Release|Win32.Build.0 = Release|Win32
	EndGlobalSection
	GlobalSection(SolutionProperties) = preSolution
		HideSolutionNode = FALSE
	EndGlobalSection
EndGlobal
